
Microsoft Visual Studio Solution File, Format Version 12.00
# Visual Studio Version 17
VisualStudioVersion = 17.14.36705.20 d17.14
MinimumVisualStudioVersion = 10.0.40219.1
Project("{FAE04EC0-301F-11D3-BF4B-00C04F79EFBC}") = "ConsoleApp1", "ConsoleApp1\ConsoleApp1.csproj", "{FE954C29-A64B-423F-91E4-0B37429DA7BD}"
EndProject
Global
	GlobalSection(SolutionConfigurationPlatforms) = preSolution
		Debug|Any CPU = Debug|Any CPU
		Release|Any CPU = Release|Any CPU
	EndGlobalSection
	GlobalSection(ProjectConfigurationPlatforms) = postSolution
		{FE954C29-A64B-423F-91E4-0B37429DA7BD}.Debug|Any CPU.ActiveCfg = Debug|Any CPU
		{FE954C29-A64B-423F-91E4-0B37429DA7BD}.Debug|Any CPU.Build.0 = Debug|Any CPU
		{FE954C29-A64B-423F-91E4-0B37429DA7BD}.Release|Any CPU.ActiveCfg = Release|Any CPU
		{FE954C29-A64B-423F-91E4-0B37429DA7BD}.Release|Any CPU.Build.0 = Release|Any CPU
	EndGlobalSection
	GlobalSection(SolutionProperties) = preSolution
		HideSolutionNode = FALSE
	EndGlobalSection
	GlobalSection(ExtensibilityGlobals) = postSolution
		SolutionGuid = {D1769C21-9D9E-4991-BD9B-1FE5AFDF4DEB}
	EndGlobalSection
EndGlobal
